
Microsoft Visual Studio Solution File, Format Version 12.00
# Visual Studio Version 16
VisualStudioVersion = 16.0.30907.101
MinimumVisualStudioVersion = 10.0.40219.1
Project("{FAE04EC0-301F-11D3-BF4B-00C04F79EFBC}") = "MPSAM.Web", "MPSAM.Web\MPSAM.Web.csproj", "{CD77BB1E-6E7A-4D54-9A5D-6A61AC9364BB}"
EndProject
Project("{FAE04EC0-301F-11D3-BF4B-00C04F79EFBC}") = "MPSAM.Mobile4.Android", "MPSAM.Mobile4\MPSAM.Mobile4.Android\MPSAM.Mobile4.Android.csproj", "{FF22952E-6C7A-4DD3-805C-250C187F1D3F}"
EndProject
Project("{FAE04EC0-301F-11D3-BF4B-00C04F79EFBC}") = "MPSAM.Mobile4.iOS", "MPSAM.Mobile4\MPSAM.Mobile4.iOS\MPSAM.Mobile4.iOS.csproj", "{E789D5B5-9E77-4186-8C34-27FC978A4EFC}"
EndProject
Project("{9A19103F-16F7-4668-BE54-9A1E7A4F7556}") = "MPSAM.Mobile4", "MPSAM.Mobile4\MPSAM.Mobile4\MPSAM.Mobile4.csproj", "{45CF4352-0752-4287-8852-9077FA25B788}"
EndProject
Project("{FAE04EC0-301F-11D3-BF4B-00C04F79EFBC}") = "MPSAM.Entities", "MPSAM.Entities\MPSAM.Entities.csproj", "{F79413B2-5F5E-40DF-986E-47426632F9AF}"
EndProject
Project("{FAE04EC0-301F-11D3-BF4B-00C04F79EFBC}") = "MPSAM.Database", "MPSAM.Database\MPSAM.Database.csproj", "{B3A2792A-0749-487A-853F-51819B027177}"
EndProject
Project("{FAE04EC0-301F-11D3-BF4B-00C04F79EFBC}") = "MPSAM.Services", "MPSAM.Services\MPSAM.Services.csproj", "{1597C595-4883-4008-8C77-46C616188F7A}"
EndProject
Global
	GlobalSection(SolutionConfigurationPlatforms) = preSolution
		Debug|Any CPU = Debug|Any CPU
		Debug|iPhone = Debug|iPhone
		Debug|iPhoneSimulator = Debug|iPhoneSimulator
		Release|Any CPU = Release|Any CPU
		Release|iPhone = Release|iPhone
		Release|iPhoneSimulator = Release|iPhoneSimulator
	EndGlobalSection
	GlobalSection(ProjectConfigurationPlatforms) = postSolution
		{CD77BB1E-6E7A-4D54-9A5D-6A61AC9364BB}.Debug|Any CPU.ActiveCfg = Debug|Any CPU
		{CD77BB1E-6E7A-4D54-9A5D-6A61AC9364BB}.Debug|Any CPU.Build.0 = Debug|Any CPU
		{CD77BB1E-6E7A-4D54-9A5D-6A61AC9364BB}.Debug|iPhone.ActiveCfg = Debug|Any CPU
		{CD77BB1E-6E7A-4D54-9A5D-6A61AC9364BB}.Debug|iPhone.Build.0 = Debug|Any CPU
		{CD77BB1E-6E7A-4D54-9A5D-6A61AC9364BB}.Debug|iPhoneSimulator.ActiveCfg = Debug|Any CPU
		{CD77BB1E-6E7A-4D54-9A5D-6A61AC9364BB}.Debug|iPhoneSimulator.Build.0 = Debug|Any CPU
		{CD77BB1E-6E7A-4D54-9A5D-6A61AC9364BB}.Release|Any CPU.ActiveCfg = Release|Any CPU
		{CD77BB1E-6E7A-4D54-9A5D-6A61AC9364BB}.Release|Any CPU.Build.0 = Release|Any CPU
		{CD77BB1E-6E7A-4D54-9A5D-6A61AC9364BB}.Release|iPhone.ActiveCfg = Release|Any CPU
		{CD77BB1E-6E7A-4D54-9A5D-6A61AC9364BB}.Release|iPhone.Build.0 = Release|Any CPU
		{CD77BB1E-6E7A-4D54-9A5D-6A61AC9364BB}.Release|iPhoneSimulator.ActiveCfg = Release|Any CPU
		{CD77BB1E-6E7A-4D54-9A5D-6A61AC9364BB}.Release|iPhoneSimulator.Build.0 = Release|Any CPU
		{FF22952E-6C7A-4DD3-805C-250C187F1D3F}.Debug|Any CPU.ActiveCfg = Debug|Any CPU
		{FF22952E-6C7A-4DD3-805C-250C187F1D3F}.Debug|Any CPU.Build.0 = Debug|Any CPU
		{FF22952E-6C7A-4DD3-805C-250C187F1D3F}.Debug|Any CPU.Deploy.0 = Debug|Any CPU
		{FF22952E-6C7A-4DD3-805C-250C187F1D3F}.Debug|iPhone.ActiveCfg = Debug|Any CPU
		{FF22952E-6C7A-4DD3-805C-250C187F1D3F}.Debug|iPhone.Build.0 = Debug|Any CPU
		{FF22952E-6C7A-4DD3-805C-250C187F1D3F}.Debug|iPhone.Deploy.0 = Debug|Any CPU
		{FF22952E-6C7A-4DD3-805C-250C187F1D3F}.Debug|iPhoneSimulator.ActiveCfg = Debug|Any CPU
		{FF22952E-6C7A-4DD3-805C-250C187F1D3F}.Debug|iPhoneSimulator.Build.0 = Debug|Any CPU
		{FF22952E-6C7A-4DD3-805C-250C187F1D3F}.Debug|iPhoneSimulator.Deploy.0 = Debug|Any CPU
		{FF22952E-6C7A-4DD3-805C-250C187F1D3F}.Release|Any CPU.ActiveCfg = Release|Any CPU
		{FF22952E-6C7A-4DD3-805C-250C187F1D3F}.Release|Any CPU.Build.0 = Release|Any CPU
		{FF22952E-6C7A-4DD3-805C-250C187F1D3F}.Release|Any CPU.Deploy.0 = Release|Any CPU
		{FF22952E-6C7A-4DD3-805C-250C187F1D3F}.Release|iPhone.ActiveCfg = Release|Any CPU
		{FF22952E-6C7A-4DD3-805C-250C187F1D3F}.Release|iPhone.Build.0 = Release|Any CPU
		{FF22952E-6C7A-4DD3-805C-250C187F1D3F}.Release|iPhone.Deploy.0 = Release|Any CPU
		{FF22952E-6C7A-4DD3-805C-250C187F1D3F}.Release|iPhoneSimulator.ActiveCfg = Release|Any CPU
		{FF22952E-6C7A-4DD3-805C-250C187F1D3F}.Release|iPhoneSimulator.Build.0 = Release|Any CPU
		{FF22952E-6C7A-4DD3-805C-250C187F1D3F}.Release|iPhoneSimulator.Deploy.0 = Release|Any CPU
		{E789D5B5-9E77-4186-8C34-27FC978A4EFC}.Debug|Any CPU.ActiveCfg = Debug|iPhoneSimulator
		{E789D5B5-9E77-4186-8C34-27FC978A4EFC}.Debug|iPhone.ActiveCfg = Debug|iPhone
		{E789D5B5-9E77-4186-8C34-27FC978A4EFC}.Debug|iPhone.Build.0 = Debug|iPhone
		{E789D5B5-9E77-4186-8C34-27FC978A4EFC}.Debug|iPhoneSimulator.ActiveCfg = Debug|iPhoneSimulator
		{E789D5B5-9E77-4186-8C34-27FC978A4EFC}.Debug|iPhoneSimulator.Build.0 = Debug|iPhoneSimulator
		{E789D5B5-9E77-4186-8C34-27FC978A4EFC}.Release|Any CPU.ActiveCfg = Release|iPhoneSimulator
		{E789D5B5-9E77-4186-8C34-27FC978A4EFC}.Release|iPhone.ActiveCfg = Release|iPhone
		{E789D5B5-9E77-4186-8C34-27FC978A4EFC}.Release|iPhone.Build.0 = Release|iPhone
		{E789D5B5-9E77-4186-8C34-27FC978A4EFC}.Release|iPhoneSimulator.ActiveCfg = Release|iPhoneSimulator
		{E789D5B5-9E77-4186-8C34-27FC978A4EFC}.Release|iPhoneSimulator.Build.0 = Release|iPhoneSimulator
		{45CF4352-0752-4287-8852-9077FA25B788}.Debug|Any CPU.ActiveCfg = Debug|Any CPU
		{45CF4352-0752-4287-8852-9077FA25B788}.Debug|Any CPU.Build.0 = Debug|Any CPU
		{45CF4352-0752-4287-8852-9077FA25B788}.Debug|iPhone.ActiveCfg = Debug|Any CPU
		{45CF4352-0752-4287-8852-9077FA25B788}.Debug|iPhone.Build.0 = Debug|Any CPU
		{45CF4352-0752-4287-8852-9077FA25B788}.Debug|iPhoneSimulator.ActiveCfg = Debug|Any CPU
		{45CF4352-0752-4287-8852-9077FA25B788}.Debug|iPhoneSimulator.Build.0 = Debug|Any CPU
		{45CF4352-0752-4287-8852-9077FA25B788}.Release|Any CPU.ActiveCfg = Release|Any CPU
		{45CF4352-0752-4287-8852-9077FA25B788}.Release|Any CPU.Build.0 = Release|Any CPU
		{45CF4352-0752-4287-8852-9077FA25B788}.Release|iPhone.ActiveCfg = Release|Any CPU
		{45CF4352-0752-4287-8852-9077FA25B788}.Release|iPhone.Build.0 = Release|Any CPU
		{45CF4352-0752-4287-8852-9077FA25B788}.Release|iPhoneSimulator.ActiveCfg = Release|Any CPU
		{45CF4352-0752-4287-8852-9077FA25B788}.Release|iPhoneSimulator.Build.0 = Release|Any CPU
		{F79413B2-5F5E-40DF-986E-47426632F9AF}.Debug|Any CPU.ActiveCfg = Debug|Any CPU
		{F79413B2-5F5E-40DF-986E-47426632F9AF}.Debug|Any CPU.Build.0 = Debug|Any CPU
		{F79413B2-5F5E-40DF-986E-47426632F9AF}.Debug|iPhone.ActiveCfg = Debug|Any CPU
		{F79413B2-5F5E-40DF-986E-47426632F9AF}.Debug|iPhone.Build.0 = Debug|Any CPU
		{F79413B2-5F5E-40DF-986E-47426632F9AF}.Debug|iPhoneSimulator.ActiveCfg = Debug|Any CPU
		{F79413B2-5F5E-40DF-986E-47426632F9AF}.Debug|iPhoneSimulator.Build.0 = Debug|Any CPU
		{F79413B2-5F5E-40DF-986E-47426632F9AF}.Release|Any CPU.ActiveCfg = Release|Any CPU
		{F79413B2-5F5E-40DF-986E-47426632F9AF}.Release|Any CPU.Build.0 = Release|Any CPU
		{F79413B2-5F5E-40DF-986E-47426632F9AF}.Release|iPhone.ActiveCfg = Release|Any CPU
		{F79413B2-5F5E-40DF-986E-47426632F9AF}.Release|iPhone.Build.0 = Release|Any CPU
		{F79413B2-5F5E-40DF-986E-47426632F9AF}.Release|iPhoneSimulator.ActiveCfg = Release|Any CPU
		{F79413B2-5F5E-40DF-986E-47426632F9AF}.Release|iPhoneSimulator.Build.0 = Release|Any CPU
		{B3A2792A-0749-487A-853F-51819B027177}.Debug|Any CPU.ActiveCfg = Debug|Any CPU
		{B3A2792A-0749-487A-853F-51819B027177}.Debug|Any CPU.Build.0 = Debug|Any CPU
		{B3A2792A-0749-487A-853F-51819B027177}.Debug|iPhone.ActiveCfg = Debug|Any CPU
		{B3A2792A-0749-487A-853F-51819B027177}.Debug|iPhone.Build.0 = Debug|Any CPU
		{B3A2792A-0749-487A-853F-51819B027177}.Debug|iPhoneSimulator.ActiveCfg = Debug|Any CPU
		{B3A2792A-0749-487A-853F-51819B027177}.Debug|iPhoneSimulator.Build.0 = Debug|Any CPU
		{B3A2792A-0749-487A-853F-51819B027177}.Release|Any CPU.ActiveCfg = Release|Any CPU
		{B3A2792A-0749-487A-853F-51819B027177}.Release|Any CPU.Build.0 = Release|Any CPU
		{B3A2792A-0749-487A-853F-51819B027177}.Release|iPhone.ActiveCfg = Release|Any CPU
		{B3A2792A-0749-487A-853F-51819B027177}.Release|iPhone.Build.0 = Release|Any CPU
		{B3A2792A-0749-487A-853F-51819B027177}.Release|iPhoneSimulator.ActiveCfg = Release|Any CPU
		{B3A2792A-0749-487A-853F-51819B027177}.Release|iPhoneSimulator.Build.0 = Release|Any CPU
		{1597C595-4883-4008-8C77-46C616188F7A}.Debug|Any CPU.ActiveCfg = Debug|Any CPU
		{1597C595-4883-4008-8C77-46C616188F7A}.Debug|Any CPU.Build.0 = Debug|Any CPU
		{1597C595-4883-4008-8C77-46C616188F7A}.Debug|iPhone.ActiveCfg = Debug|Any CPU
		{1597C595-4883-4008-8C77-46C616188F7A}.Debug|iPhone.Build.0 = Debug|Any CPU
		{1597C595-4883-4008-8C77-46C616188F7A}.Debug|iPhoneSimulator.ActiveCfg = Debug|Any CPU
		{1597C595-4883-4008-8C77-46C616188F7A}.Debug|iPhoneSimulator.Build.0 = Debug|Any CPU
		{1597C595-4883-4008-8C77-46C616188F7A}.Release|Any CPU.ActiveCfg = Release|Any CPU
		{1597C595-4883-4008-8C77-46C616188F7A}.Release|Any CPU.Build.0 = Release|Any CPU
		{1597C595-4883-4008-8C77-46C616188F7A}.Release|iPhone.ActiveCfg = Release|Any CPU
		{1597C595-4883-4008-8C77-46C616188F7A}.Release|iPhone.Build.0 = Release|Any CPU
		{1597C595-4883-4008-8C77-46C616188F7A}.Release|iPhoneSimulator.ActiveCfg = Release|Any CPU
		{1597C595-4883-4008-8C77-46C616188F7A}.Release|iPhoneSimulator.Build.0 = Release|Any CPU
	EndGlobalSection
	GlobalSection(SolutionProperties) = preSolution
		HideSolutionNode = FALSE
	EndGlobalSection
	GlobalSection(ExtensibilityGlobals) = postSolution
		SolutionGuid = {546B32EB-B7EA-4E0C-B40F-28E2AC39538D}
	EndGlobalSection
EndGlobal
