
Microsoft Visual Studio Solution File, Format Version 12.00
# Visual Studio Version 16
VisualStudioVersion = 16.0.30907.101
MinimumVisualStudioVersion = 10.0.40219.1
Project("{FAE04EC0-301F-11D3-BF4B-00C04F79EFBC}") = "MPSAM.Web", "MPSAM.Web\MPSAM.Web.csproj", "{CD77BB1E-6E7A-4D54-9A5D-6A61AC9364BB}"
EndProject
Global
	GlobalSection(SolutionConfigurationPlatforms) = preSolution
		Debug|Any CPU = Debug|Any CPU
		Release|Any CPU = Release|Any CPU
	EndGlobalSection
	GlobalSection(ProjectConfigurationPlatforms) = postSolution
		{CD77BB1E-6E7A-4D54-9A5D-6A61AC9364BB}.Debug|Any CPU.ActiveCfg = Debug|Any CPU
		{CD77BB1E-6E7A-4D54-9A5D-6A61AC9364BB}.Debug|Any CPU.Build.0 = Debug|Any CPU
		{CD77BB1E-6E7A-4D54-9A5D-6A61AC9364BB}.Release|Any CPU.ActiveCfg = Release|Any CPU
		{CD77BB1E-6E7A-4D54-9A5D-6A61AC9364BB}.Release|Any CPU.Build.0 = Release|Any CPU
	EndGlobalSection
	GlobalSection(SolutionProperties) = preSolution
		HideSolutionNode = FALSE
	EndGlobalSection
	GlobalSection(ExtensibilityGlobals) = postSolution
		SolutionGuid = {546B32EB-B7EA-4E0C-B40F-28E2AC39538D}
	EndGlobalSection
EndGlobal
