
Microsoft Visual Studio Solution File, Format Version 12.00
# Visual Studio 15
VisualStudioVersion = 15.0.28307.1082
MinimumVisualStudioVersion = 10.0.40219.1
Project("{FAE04EC0-301F-11D3-BF4B-00C04F79EFBC}") = "MPSAM.Web", "MPSAM.Web\MPSAM.Web.csproj", "{CD77BB1E-6E7A-4D54-9A5D-6A61AC9364BB}"
EndProject
Project("{FAE04EC0-301F-11D3-BF4B-00C04F79EFBC}") = "MPSAM.Mobile", "MPSAM.Mobile\MPSAM.Mobile.csproj", "{E4631DE0-BE36-4DE0-BFE4-6791405F72CF}"
EndProject
Project("{FAE04EC0-301F-11D3-BF4B-00C04F79EFBC}") = "MPSAM.Entities", "MPSAM.Entities\MPSAM.Entities.csproj", "{F79413B2-5F5E-40DF-986E-47426632F9AF}"
EndProject
Project("{FAE04EC0-301F-11D3-BF4B-00C04F79EFBC}") = "MPSAM.Database", "MPSAM.Database\MPSAM.Database.csproj", "{B3A2792A-0749-487A-853F-51819B027177}"
EndProject
Project("{FAE04EC0-301F-11D3-BF4B-00C04F79EFBC}") = "MPSAM.Services", "MPSAM.Services\MPSAM.Services.csproj", "{1597C595-4883-4008-8C77-46C616188F7A}"
EndProject
Global
	GlobalSection(SolutionConfigurationPlatforms) = preSolution
		Debug|Any CPU = Debug|Any CPU
		Release|Any CPU = Release|Any CPU
	EndGlobalSection
	GlobalSection(ProjectConfigurationPlatforms) = postSolution
		{CD77BB1E-6E7A-4D54-9A5D-6A61AC9364BB}.Debug|Any CPU.ActiveCfg = Debug|Any CPU
		{CD77BB1E-6E7A-4D54-9A5D-6A61AC9364BB}.Debug|Any CPU.Build.0 = Debug|Any CPU
		{CD77BB1E-6E7A-4D54-9A5D-6A61AC9364BB}.Release|Any CPU.ActiveCfg = Release|Any CPU
		{CD77BB1E-6E7A-4D54-9A5D-6A61AC9364BB}.Release|Any CPU.Build.0 = Release|Any CPU
		{E4631DE0-BE36-4DE0-BFE4-6791405F72CF}.Debug|Any CPU.ActiveCfg = Debug|Any CPU
		{E4631DE0-BE36-4DE0-BFE4-6791405F72CF}.Debug|Any CPU.Build.0 = Debug|Any CPU
		{E4631DE0-BE36-4DE0-BFE4-6791405F72CF}.Debug|Any CPU.Deploy.0 = Debug|Any CPU
		{E4631DE0-BE36-4DE0-BFE4-6791405F72CF}.Release|Any CPU.ActiveCfg = Release|Any CPU
		{E4631DE0-BE36-4DE0-BFE4-6791405F72CF}.Release|Any CPU.Build.0 = Release|Any CPU
		{E4631DE0-BE36-4DE0-BFE4-6791405F72CF}.Release|Any CPU.Deploy.0 = Release|Any CPU
		{F79413B2-5F5E-40DF-986E-47426632F9AF}.Debug|Any CPU.ActiveCfg = Debug|Any CPU
		{F79413B2-5F5E-40DF-986E-47426632F9AF}.Debug|Any CPU.Build.0 = Debug|Any CPU
		{F79413B2-5F5E-40DF-986E-47426632F9AF}.Release|Any CPU.ActiveCfg = Release|Any CPU
		{F79413B2-5F5E-40DF-986E-47426632F9AF}.Release|Any CPU.Build.0 = Release|Any CPU
		{B3A2792A-0749-487A-853F-51819B027177}.Debug|Any CPU.ActiveCfg = Debug|Any CPU
		{B3A2792A-0749-487A-853F-51819B027177}.Debug|Any CPU.Build.0 = Debug|Any CPU
		{B3A2792A-0749-487A-853F-51819B027177}.Release|Any CPU.ActiveCfg = Release|Any CPU
		{B3A2792A-0749-487A-853F-51819B027177}.Release|Any CPU.Build.0 = Release|Any CPU
		{1597C595-4883-4008-8C77-46C616188F7A}.Debug|Any CPU.ActiveCfg = Debug|Any CPU
		{1597C595-4883-4008-8C77-46C616188F7A}.Debug|Any CPU.Build.0 = Debug|Any CPU
		{1597C595-4883-4008-8C77-46C616188F7A}.Release|Any CPU.ActiveCfg = Release|Any CPU
		{1597C595-4883-4008-8C77-46C616188F7A}.Release|Any CPU.Build.0 = Release|Any CPU
	EndGlobalSection
	GlobalSection(SolutionProperties) = preSolution
		HideSolutionNode = FALSE
	EndGlobalSection
	GlobalSection(ExtensibilityGlobals) = postSolution
		SolutionGuid = {546B32EB-B7EA-4E0C-B40F-28E2AC39538D}
	EndGlobalSection
EndGlobal
